
Microsoft Visual Studio Solution File, Format Version 12.00
# Visual Studio Version 17
VisualStudioVersion = 17.14.36511.14 d17.14
MinimumVisualStudioVersion = 10.0.40219.1
Project("{FAE04EC0-301F-11D3-BF4B-00C04F79EFBC}") = "Tyuiu.AroyanAV.Sprint0.Task2.V0.Test", "Tyuiu.AroyanAV.Sprint0.Task2.V0.Test\Tyuiu.AroyanAV.Sprint0.Task2.V0.Test.csproj", "{1BA9C4B2-8A3B-4D2F-A36F-7B327B744A1C}"
EndProject
Project("{2150E333-8FDC-42A3-9474-1A3956D46DE8}") = "Task0", "Task0", "{02EA681E-C7D8-13C7-8484-4AC65E1B71E8}"
EndProject
Project("{FAE04EC0-301F-11D3-BF4B-00C04F79EFBC}") = "Tyuiu.AroanAV.Sprint0.Task2.V0.Lib", "Tyuiu.AroanAV.Sprint0.Task2.V0.Lib\Tyuiu.AroanAV.Sprint0.Task2.V0.Lib.csproj", "{D8F1F24A-4B49-46DA-8E93-F648C7A5BAA0}"
EndProject
Project("{FAE04EC0-301F-11D3-BF4B-00C04F79EFBC}") = "Tyuiu.AroyanAV.Sprint0.Task0.V0", "Tyuiu.AroyanAV.Sprint0.Task0.V0\Tyuiu.AroyanAV.Sprint0.Task0.V0.csproj", "{A8EBCD62-DF55-4480-8868-1F5DE449C09C}"
EndProject
Project("{2150E333-8FDC-42A3-9474-1A3956D46DE8}") = "Task1", "Task1", "{0D23DC5D-7BAA-4165-AFAF-D0DE94C26143}"
EndProject
Project("{FAE04EC0-301F-11D3-BF4B-00C04F79EFBC}") = "Tyuiu.AroyanAV.Sprint0.Task1.V0", "Tyuiu.AroyanAV.Sprint0.Task1.V0\Tyuiu.AroyanAV.Sprint0.Task1.V0.csproj", "{42BFD44B-1C3F-47C4-BE76-429BB612459A}"
EndProject
Global
	GlobalSection(SolutionConfigurationPlatforms) = preSolution
		Debug|Any CPU = Debug|Any CPU
		Release|Any CPU = Release|Any CPU
	EndGlobalSection
	GlobalSection(ProjectConfigurationPlatforms) = postSolution
		{1BA9C4B2-8A3B-4D2F-A36F-7B327B744A1C}.Debug|Any CPU.ActiveCfg = Debug|Any CPU
		{1BA9C4B2-8A3B-4D2F-A36F-7B327B744A1C}.Debug|Any CPU.Build.0 = Debug|Any CPU
		{1BA9C4B2-8A3B-4D2F-A36F-7B327B744A1C}.Release|Any CPU.ActiveCfg = Release|Any CPU
		{1BA9C4B2-8A3B-4D2F-A36F-7B327B744A1C}.Release|Any CPU.Build.0 = Release|Any CPU
		{D8F1F24A-4B49-46DA-8E93-F648C7A5BAA0}.Debug|Any CPU.ActiveCfg = Debug|Any CPU
		{D8F1F24A-4B49-46DA-8E93-F648C7A5BAA0}.Debug|Any CPU.Build.0 = Debug|Any CPU
		{D8F1F24A-4B49-46DA-8E93-F648C7A5BAA0}.Release|Any CPU.ActiveCfg = Release|Any CPU
		{D8F1F24A-4B49-46DA-8E93-F648C7A5BAA0}.Release|Any CPU.Build.0 = Release|Any CPU
		{A8EBCD62-DF55-4480-8868-1F5DE449C09C}.Debug|Any CPU.ActiveCfg = Debug|Any CPU
		{A8EBCD62-DF55-4480-8868-1F5DE449C09C}.Debug|Any CPU.Build.0 = Debug|Any CPU
		{A8EBCD62-DF55-4480-8868-1F5DE449C09C}.Release|Any CPU.ActiveCfg = Release|Any CPU
		{A8EBCD62-DF55-4480-8868-1F5DE449C09C}.Release|Any CPU.Build.0 = Release|Any CPU
		{42BFD44B-1C3F-47C4-BE76-429BB612459A}.Debug|Any CPU.ActiveCfg = Debug|Any CPU
		{42BFD44B-1C3F-47C4-BE76-429BB612459A}.Debug|Any CPU.Build.0 = Debug|Any CPU
		{42BFD44B-1C3F-47C4-BE76-429BB612459A}.Release|Any CPU.ActiveCfg = Release|Any CPU
		{42BFD44B-1C3F-47C4-BE76-429BB612459A}.Release|Any CPU.Build.0 = Release|Any CPU
	EndGlobalSection
	GlobalSection(SolutionProperties) = preSolution
		HideSolutionNode = FALSE
	EndGlobalSection
	GlobalSection(NestedProjects) = preSolution
		{A8EBCD62-DF55-4480-8868-1F5DE449C09C} = {02EA681E-C7D8-13C7-8484-4AC65E1B71E8}
		{42BFD44B-1C3F-47C4-BE76-429BB612459A} = {0D23DC5D-7BAA-4165-AFAF-D0DE94C26143}
	EndGlobalSection
	GlobalSection(ExtensibilityGlobals) = postSolution
		SolutionGuid = {F923FBEE-4294-4BA0-A43D-26DD24894F32}
	EndGlobalSection
EndGlobal
