
Microsoft Visual Studio Solution File, Format Version 12.00
# Visual Studio Version 17
VisualStudioVersion = 17.14.36511.14 d17.14
MinimumVisualStudioVersion = 10.0.40219.1
Project("{2150E333-8FDC-42A3-9474-1A3956D46DE8}") = "Task0", "Task0", "{02EA681E-C7D8-13C7-8484-4AC65E1B71E8}"
EndProject
Project("{FAE04EC0-301F-11D3-BF4B-00C04F79EFBC}") = "Tyuiu.AroyanAV.Sprint0.Task0.V0", "Tyuiu.AroyanAV.Sprint0.Task0.V0\Tyuiu.AroyanAV.Sprint0.Task0.V0.csproj", "{A8EBCD62-DF55-4480-8868-1F5DE449C09C}"
EndProject
Project("{2150E333-8FDC-42A3-9474-1A3956D46DE8}") = "Task1", "Task1", "{0D23DC5D-7BAA-4165-AFAF-D0DE94C26143}"
EndProject
Project("{FAE04EC0-301F-11D3-BF4B-00C04F79EFBC}") = "Tyuiu.AroyanAV.Sprint0.Task1.V0", "Tyuiu.AroyanAV.Sprint0.Task1.V0\Tyuiu.AroyanAV.Sprint0.Task1.V0.csproj", "{42BFD44B-1C3F-47C4-BE76-429BB612459A}"
EndProject
Project("{2150E333-8FDC-42A3-9474-1A3956D46DE8}") = "Task2", "Task2", "{F4F66E4F-6498-48D8-A0F7-166B6D5984D7}"
EndProject
Project("{FAE04EC0-301F-11D3-BF4B-00C04F79EFBC}") = "Tyuiu.Sprint0.Task2.V0", "Tyuiu.Sprint0.Task2.V0\Tyuiu.Sprint0.Task2.V0.csproj", "{A6A5E535-E8E2-4703-A830-24F011600481}"
EndProject
Project("{FAE04EC0-301F-11D3-BF4B-00C04F79EFBC}") = "Tyuiu.AroyanAV.Sprint0.Task2.V0.Lib", "Tyuiu.AroyanAV.Sprint0.Task2.V0.Lib\Tyuiu.AroyanAV.Sprint0.Task2.V0.Lib.csproj", "{86E687DB-6B02-43A9-B8F7-18662667BE9B}"
EndProject
Project("{FAE04EC0-301F-11D3-BF4B-00C04F79EFBC}") = "Tyuiu.AroyanAV.Sprint0.Task2.V0.Test", "Tyuiu.AroyanAV.Sprint0.Task2.V0.Test\Tyuiu.AroyanAV.Sprint0.Task2.V0.Test.csproj", "{F0A7640D-B1A9-43C4-AD4E-FFE6F44BDDDD}"
EndProject
Project("{2150E333-8FDC-42A3-9474-1A3956D46DE8}") = "Task3", "Task3", "{BDC8EE7E-7566-4E79-90EC-4F8945D97524}"
EndProject
Project("{FAE04EC0-301F-11D3-BF4B-00C04F79EFBC}") = "Tyuiu.AroyanAV.Sprint0.Task3.V0", "Tyuiu.AroyanAV.Sprint0.Task3.V0\Tyuiu.AroyanAV.Sprint0.Task3.V0.csproj", "{0DB86A43-25FE-45AB-94B9-500CD26D136C}"
EndProject
Project("{FAE04EC0-301F-11D3-BF4B-00C04F79EFBC}") = "Tyuiu.AroyanAV.Sprint0.Task3.V0.Lib", "Tyuiu.AroyanAV.Sprint0.Task3.V0.Lib\Tyuiu.AroyanAV.Sprint0.Task3.V0.Lib.csproj", "{34BDCD48-BE64-4F42-87D1-6C04B9489C16}"
EndProject
Project("{FAE04EC0-301F-11D3-BF4B-00C04F79EFBC}") = "Tyuiu.AroyanAV.Sprint0.Task3.V0.Test", "Tyuiu.AroyanAV.Sprint0.Task3.V0.Test\Tyuiu.AroyanAV.Sprint0.Task3.V0.Test.csproj", "{1F368302-D619-4EE4-9092-0A678D4DBDC7}"
EndProject
Project("{2150E333-8FDC-42A3-9474-1A3956D46DE8}") = "Task4", "Task4", "{2EA8736C-7FF0-4A62-8550-E48733D86822}"
EndProject
Project("{FAE04EC0-301F-11D3-BF4B-00C04F79EFBC}") = "Tyuiu.AroyanAV.Sprint0.Task4.V0", "Tyuiu.AroyanAV.Sprint0.Task4.V0\Tyuiu.AroyanAV.Sprint0.Task4.V0.csproj", "{D88EBB3C-3CAE-4DA1-9800-442604640168}"
EndProject
Project("{FAE04EC0-301F-11D3-BF4B-00C04F79EFBC}") = "Tyuiu.AroyanAV.Sprint0.Task4.V0.Lib", "Tyuiu.AroyanAV.Sprint0.Task4.V0.Lib\Tyuiu.AroyanAV.Sprint0.Task4.V0.Lib.csproj", "{8B132F96-BB97-42C1-8DBC-D90E1FCFC40B}"
EndProject
Project("{FAE04EC0-301F-11D3-BF4B-00C04F79EFBC}") = "Tyuiu.AroyanAV.Sprint0.Task4.V0.Test", "Tyuiu.AroyanAV.Sprint0.Task4.V0.Test\Tyuiu.AroyanAV.Sprint0.Task4.V0.Test.csproj", "{9C14E5FB-86B7-418C-A35D-A8EA1839806D}"
EndProject
Project("{2150E333-8FDC-42A3-9474-1A3956D46DE8}") = "Task5", "Task5", "{BA12B7E5-77D2-4F56-A576-E724F32FF772}"
EndProject
Project("{FAE04EC0-301F-11D3-BF4B-00C04F79EFBC}") = "Tyuiu.AroyanAV.Sprint0.Task5.V0", "Tyuiu.AroyanAV.Sprint0.Task5.V0\Tyuiu.AroyanAV.Sprint0.Task5.V0.csproj", "{9601DA77-0015-4953-828C-3B4AAE740051}"
EndProject
Project("{FAE04EC0-301F-11D3-BF4B-00C04F79EFBC}") = "Tyuiu.AroyanAV.Sprint0.Task5.V0.Lib", "Tyuiu.AroyanAV.Sprint0.Task5.V0.Lib\Tyuiu.AroyanAV.Sprint0.Task5.V0.Lib.csproj", "{15383D24-AE89-409B-8AFE-E10971D4A092}"
EndProject
Project("{FAE04EC0-301F-11D3-BF4B-00C04F79EFBC}") = "Tyuiu.AroyanAV.Sprint0.Task5.V0.Test", "Tyuiu.AroyanAV.Sprint0.Task5.V0.Test\Tyuiu.AroyanAV.Sprint0.Task5.V0.Test.csproj", "{F2871EB7-0506-4847-A763-327A9815C5ED}"
EndProject
Global
	GlobalSection(SolutionConfigurationPlatforms) = preSolution
		Debug|Any CPU = Debug|Any CPU
		Release|Any CPU = Release|Any CPU
	EndGlobalSection
	GlobalSection(ProjectConfigurationPlatforms) = postSolution
		{A8EBCD62-DF55-4480-8868-1F5DE449C09C}.Debug|Any CPU.ActiveCfg = Debug|Any CPU
		{A8EBCD62-DF55-4480-8868-1F5DE449C09C}.Debug|Any CPU.Build.0 = Debug|Any CPU
		{A8EBCD62-DF55-4480-8868-1F5DE449C09C}.Release|Any CPU.ActiveCfg = Release|Any CPU
		{A8EBCD62-DF55-4480-8868-1F5DE449C09C}.Release|Any CPU.Build.0 = Release|Any CPU
		{42BFD44B-1C3F-47C4-BE76-429BB612459A}.Debug|Any CPU.ActiveCfg = Debug|Any CPU
		{42BFD44B-1C3F-47C4-BE76-429BB612459A}.Debug|Any CPU.Build.0 = Debug|Any CPU
		{42BFD44B-1C3F-47C4-BE76-429BB612459A}.Release|Any CPU.ActiveCfg = Release|Any CPU
		{42BFD44B-1C3F-47C4-BE76-429BB612459A}.Release|Any CPU.Build.0 = Release|Any CPU
		{A6A5E535-E8E2-4703-A830-24F011600481}.Debug|Any CPU.ActiveCfg = Debug|Any CPU
		{A6A5E535-E8E2-4703-A830-24F011600481}.Debug|Any CPU.Build.0 = Debug|Any CPU
		{A6A5E535-E8E2-4703-A830-24F011600481}.Release|Any CPU.ActiveCfg = Release|Any CPU
		{A6A5E535-E8E2-4703-A830-24F011600481}.Release|Any CPU.Build.0 = Release|Any CPU
		{86E687DB-6B02-43A9-B8F7-18662667BE9B}.Debug|Any CPU.ActiveCfg = Debug|Any CPU
		{86E687DB-6B02-43A9-B8F7-18662667BE9B}.Debug|Any CPU.Build.0 = Debug|Any CPU
		{86E687DB-6B02-43A9-B8F7-18662667BE9B}.Release|Any CPU.ActiveCfg = Release|Any CPU
		{86E687DB-6B02-43A9-B8F7-18662667BE9B}.Release|Any CPU.Build.0 = Release|Any CPU
		{F0A7640D-B1A9-43C4-AD4E-FFE6F44BDDDD}.Debug|Any CPU.ActiveCfg = Debug|Any CPU
		{F0A7640D-B1A9-43C4-AD4E-FFE6F44BDDDD}.Debug|Any CPU.Build.0 = Debug|Any CPU
		{F0A7640D-B1A9-43C4-AD4E-FFE6F44BDDDD}.Release|Any CPU.ActiveCfg = Release|Any CPU
		{F0A7640D-B1A9-43C4-AD4E-FFE6F44BDDDD}.Release|Any CPU.Build.0 = Release|Any CPU
		{0DB86A43-25FE-45AB-94B9-500CD26D136C}.Debug|Any CPU.ActiveCfg = Debug|Any CPU
		{0DB86A43-25FE-45AB-94B9-500CD26D136C}.Debug|Any CPU.Build.0 = Debug|Any CPU
		{0DB86A43-25FE-45AB-94B9-500CD26D136C}.Release|Any CPU.ActiveCfg = Release|Any CPU
		{0DB86A43-25FE-45AB-94B9-500CD26D136C}.Release|Any CPU.Build.0 = Release|Any CPU
		{34BDCD48-BE64-4F42-87D1-6C04B9489C16}.Debug|Any CPU.ActiveCfg = Debug|Any CPU
		{34BDCD48-BE64-4F42-87D1-6C04B9489C16}.Debug|Any CPU.Build.0 = Debug|Any CPU
		{34BDCD48-BE64-4F42-87D1-6C04B9489C16}.Release|Any CPU.ActiveCfg = Release|Any CPU
		{34BDCD48-BE64-4F42-87D1-6C04B9489C16}.Release|Any CPU.Build.0 = Release|Any CPU
		{1F368302-D619-4EE4-9092-0A678D4DBDC7}.Debug|Any CPU.ActiveCfg = Debug|Any CPU
		{1F368302-D619-4EE4-9092-0A678D4DBDC7}.Debug|Any CPU.Build.0 = Debug|Any CPU
		{1F368302-D619-4EE4-9092-0A678D4DBDC7}.Release|Any CPU.ActiveCfg = Release|Any CPU
		{1F368302-D619-4EE4-9092-0A678D4DBDC7}.Release|Any CPU.Build.0 = Release|Any CPU
		{D88EBB3C-3CAE-4DA1-9800-442604640168}.Debug|Any CPU.ActiveCfg = Debug|Any CPU
		{D88EBB3C-3CAE-4DA1-9800-442604640168}.Debug|Any CPU.Build.0 = Debug|Any CPU
		{D88EBB3C-3CAE-4DA1-9800-442604640168}.Release|Any CPU.ActiveCfg = Release|Any CPU
		{D88EBB3C-3CAE-4DA1-9800-442604640168}.Release|Any CPU.Build.0 = Release|Any CPU
		{8B132F96-BB97-42C1-8DBC-D90E1FCFC40B}.Debug|Any CPU.ActiveCfg = Debug|Any CPU
		{8B132F96-BB97-42C1-8DBC-D90E1FCFC40B}.Debug|Any CPU.Build.0 = Debug|Any CPU
		{8B132F96-BB97-42C1-8DBC-D90E1FCFC40B}.Release|Any CPU.ActiveCfg = Release|Any CPU
		{8B132F96-BB97-42C1-8DBC-D90E1FCFC40B}.Release|Any CPU.Build.0 = Release|Any CPU
		{9C14E5FB-86B7-418C-A35D-A8EA1839806D}.Debug|Any CPU.ActiveCfg = Debug|Any CPU
		{9C14E5FB-86B7-418C-A35D-A8EA1839806D}.Debug|Any CPU.Build.0 = Debug|Any CPU
		{9C14E5FB-86B7-418C-A35D-A8EA1839806D}.Release|Any CPU.ActiveCfg = Release|Any CPU
		{9C14E5FB-86B7-418C-A35D-A8EA1839806D}.Release|Any CPU.Build.0 = Release|Any CPU
		{9601DA77-0015-4953-828C-3B4AAE740051}.Debug|Any CPU.ActiveCfg = Debug|Any CPU
		{9601DA77-0015-4953-828C-3B4AAE740051}.Debug|Any CPU.Build.0 = Debug|Any CPU
		{9601DA77-0015-4953-828C-3B4AAE740051}.Release|Any CPU.ActiveCfg = Release|Any CPU
		{9601DA77-0015-4953-828C-3B4AAE740051}.Release|Any CPU.Build.0 = Release|Any CPU
		{15383D24-AE89-409B-8AFE-E10971D4A092}.Debug|Any CPU.ActiveCfg = Debug|Any CPU
		{15383D24-AE89-409B-8AFE-E10971D4A092}.Debug|Any CPU.Build.0 = Debug|Any CPU
		{15383D24-AE89-409B-8AFE-E10971D4A092}.Release|Any CPU.ActiveCfg = Release|Any CPU
		{15383D24-AE89-409B-8AFE-E10971D4A092}.Release|Any CPU.Build.0 = Release|Any CPU
		{F2871EB7-0506-4847-A763-327A9815C5ED}.Debug|Any CPU.ActiveCfg = Debug|Any CPU
		{F2871EB7-0506-4847-A763-327A9815C5ED}.Debug|Any CPU.Build.0 = Debug|Any CPU
		{F2871EB7-0506-4847-A763-327A9815C5ED}.Release|Any CPU.ActiveCfg = Release|Any CPU
		{F2871EB7-0506-4847-A763-327A9815C5ED}.Release|Any CPU.Build.0 = Release|Any CPU
	EndGlobalSection
	GlobalSection(SolutionProperties) = preSolution
		HideSolutionNode = FALSE
	EndGlobalSection
	GlobalSection(NestedProjects) = preSolution
		{A8EBCD62-DF55-4480-8868-1F5DE449C09C} = {02EA681E-C7D8-13C7-8484-4AC65E1B71E8}
		{42BFD44B-1C3F-47C4-BE76-429BB612459A} = {0D23DC5D-7BAA-4165-AFAF-D0DE94C26143}
		{A6A5E535-E8E2-4703-A830-24F011600481} = {F4F66E4F-6498-48D8-A0F7-166B6D5984D7}
		{86E687DB-6B02-43A9-B8F7-18662667BE9B} = {F4F66E4F-6498-48D8-A0F7-166B6D5984D7}
		{F0A7640D-B1A9-43C4-AD4E-FFE6F44BDDDD} = {F4F66E4F-6498-48D8-A0F7-166B6D5984D7}
		{0DB86A43-25FE-45AB-94B9-500CD26D136C} = {BDC8EE7E-7566-4E79-90EC-4F8945D97524}
		{34BDCD48-BE64-4F42-87D1-6C04B9489C16} = {BDC8EE7E-7566-4E79-90EC-4F8945D97524}
		{1F368302-D619-4EE4-9092-0A678D4DBDC7} = {BDC8EE7E-7566-4E79-90EC-4F8945D97524}
		{D88EBB3C-3CAE-4DA1-9800-442604640168} = {2EA8736C-7FF0-4A62-8550-E48733D86822}
		{8B132F96-BB97-42C1-8DBC-D90E1FCFC40B} = {2EA8736C-7FF0-4A62-8550-E48733D86822}
		{9C14E5FB-86B7-418C-A35D-A8EA1839806D} = {2EA8736C-7FF0-4A62-8550-E48733D86822}
		{9601DA77-0015-4953-828C-3B4AAE740051} = {BA12B7E5-77D2-4F56-A576-E724F32FF772}
		{15383D24-AE89-409B-8AFE-E10971D4A092} = {BA12B7E5-77D2-4F56-A576-E724F32FF772}
		{F2871EB7-0506-4847-A763-327A9815C5ED} = {BA12B7E5-77D2-4F56-A576-E724F32FF772}
	EndGlobalSection
	GlobalSection(ExtensibilityGlobals) = postSolution
		SolutionGuid = {F923FBEE-4294-4BA0-A43D-26DD24894F32}
	EndGlobalSection
EndGlobal
